
Microsoft Visual Studio Solution File, Format Version 12.00
# Visual Studio Version 16
VisualStudioVersion = 16.0.31624.102
MinimumVisualStudioVersion = 10.0.40219.1
Project("{9A19103F-16F7-4668-BE54-9A1E7A4F7556}") = "ClassBoxData", "ClassBoxData\ClassBoxData.csproj", "{6FFD3CD3-7521-4533-BB88-D38D42227D73}"
EndProject
Project("{9A19103F-16F7-4668-BE54-9A1E7A4F7556}") = "PizzaCalories", "PizzaCalories\PizzaCalories.csproj", "{B264EB46-1220-4AE7-85DE-5BDB3A32CFFC}"
EndProject
Project("{9A19103F-16F7-4668-BE54-9A1E7A4F7556}") = "AnimalFarm", "..\..\..\..\Downloads\02. Animal Farm_Skeleton\AnimalFarm\AnimalFarm\AnimalFarm.csproj", "{1032F24F-8E15-48C5-92F0-8C5686F6AA78}"
EndProject
Project("{9A19103F-16F7-4668-BE54-9A1E7A4F7556}") = "ShoppingSpree", "ShoppingSpree\ShoppingSpree.csproj", "{247A1F85-126F-4D98-A8DB-8D8498C13EB5}"
EndProject
Project("{FAE04EC0-301F-11D3-BF4B-00C04F79EFBC}") = "FootballTeamGenerator", "FootballTeamGenerator\FootballTeamGenerator.csproj", "{4B2829EC-3F49-403F-97F1-927259430075}"
EndProject
Global
	GlobalSection(SolutionConfigurationPlatforms) = preSolution
		Debug|Any CPU = Debug|Any CPU
		Release|Any CPU = Release|Any CPU
	EndGlobalSection
	GlobalSection(ProjectConfigurationPlatforms) = postSolution
		{6FFD3CD3-7521-4533-BB88-D38D42227D73}.Debug|Any CPU.ActiveCfg = Debug|Any CPU
		{6FFD3CD3-7521-4533-BB88-D38D42227D73}.Debug|Any CPU.Build.0 = Debug|Any CPU
		{6FFD3CD3-7521-4533-BB88-D38D42227D73}.Release|Any CPU.ActiveCfg = Release|Any CPU
		{6FFD3CD3-7521-4533-BB88-D38D42227D73}.Release|Any CPU.Build.0 = Release|Any CPU
		{B264EB46-1220-4AE7-85DE-5BDB3A32CFFC}.Debug|Any CPU.ActiveCfg = Debug|Any CPU
		{B264EB46-1220-4AE7-85DE-5BDB3A32CFFC}.Debug|Any CPU.Build.0 = Debug|Any CPU
		{B264EB46-1220-4AE7-85DE-5BDB3A32CFFC}.Release|Any CPU.ActiveCfg = Release|Any CPU
		{B264EB46-1220-4AE7-85DE-5BDB3A32CFFC}.Release|Any CPU.Build.0 = Release|Any CPU
		{1032F24F-8E15-48C5-92F0-8C5686F6AA78}.Debug|Any CPU.ActiveCfg = Debug|Any CPU
		{1032F24F-8E15-48C5-92F0-8C5686F6AA78}.Debug|Any CPU.Build.0 = Debug|Any CPU
		{1032F24F-8E15-48C5-92F0-8C5686F6AA78}.Release|Any CPU.ActiveCfg = Release|Any CPU
		{1032F24F-8E15-48C5-92F0-8C5686F6AA78}.Release|Any CPU.Build.0 = Release|Any CPU
		{247A1F85-126F-4D98-A8DB-8D8498C13EB5}.Debug|Any CPU.ActiveCfg = Debug|Any CPU
		{247A1F85-126F-4D98-A8DB-8D8498C13EB5}.Debug|Any CPU.Build.0 = Debug|Any CPU
		{247A1F85-126F-4D98-A8DB-8D8498C13EB5}.Release|Any CPU.ActiveCfg = Release|Any CPU
		{247A1F85-126F-4D98-A8DB-8D8498C13EB5}.Release|Any CPU.Build.0 = Release|Any CPU
		{4B2829EC-3F49-403F-97F1-927259430075}.Debug|Any CPU.ActiveCfg = Debug|Any CPU
		{4B2829EC-3F49-403F-97F1-927259430075}.Debug|Any CPU.Build.0 = Debug|Any CPU
		{4B2829EC-3F49-403F-97F1-927259430075}.Release|Any CPU.ActiveCfg = Release|Any CPU
		{4B2829EC-3F49-403F-97F1-927259430075}.Release|Any CPU.Build.0 = Release|Any CPU
	EndGlobalSection
	GlobalSection(SolutionProperties) = preSolution
		HideSolutionNode = FALSE
	EndGlobalSection
	GlobalSection(ExtensibilityGlobals) = postSolution
		SolutionGuid = {F07B2903-CB28-4501-97C3-E5539E6202B0}
	EndGlobalSection
EndGlobal
